
Microsoft Visual Studio Solution File, Format Version 12.00
# Visual Studio Version 16
VisualStudioVersion = 16.0.31624.102
MinimumVisualStudioVersion = 10.0.40219.1
Project("{888888A0-9F3D-457C-B088-3A5042F75D52}") = "bGEC", "bGEC.pyproj", "{24DB09E7-2BEE-45F2-91C7-C34A22B6FEBE}"
EndProject
Global
	GlobalSection(SolutionConfigurationPlatforms) = preSolution
		Debug|Any CPU = Debug|Any CPU
		Release|Any CPU = Release|Any CPU
	EndGlobalSection
	GlobalSection(ProjectConfigurationPlatforms) = postSolution
		{24DB09E7-2BEE-45F2-91C7-C34A22B6FEBE}.Debug|Any CPU.ActiveCfg = Debug|Any CPU
		{24DB09E7-2BEE-45F2-91C7-C34A22B6FEBE}.Release|Any CPU.ActiveCfg = Release|Any CPU
	EndGlobalSection
	GlobalSection(SolutionProperties) = preSolution
		HideSolutionNode = FALSE
	EndGlobalSection
	GlobalSection(ExtensibilityGlobals) = postSolution
		SolutionGuid = {2FF5EF79-0DCF-4E0D-AC7C-B4502721EED9}
	EndGlobalSection
EndGlobal
